<?xml version="1.0" encoding="utf-8"?>
<Project xmlns="http://schemas.microsoft.com/developer/msbuild/2003">
  <ItemGroup>
    <Filter Include="Form Files">
      <UniqueIdentifier>{99349809-55BA-4b9d-BF79-8FDBB0286EB3}</UniqueIdentifier>
      <Extensions>ui</Extensions>
      <ParseFiles>false</ParseFiles>
    </Filter>
    <Filter Include="Form Files">
      <UniqueIdentifier>{99349809-55BA-4b9d-BF79-8FDBB0286EB3}</UniqueIdentifier>
      <Extensions>ui</Extensions>
      <ParseFiles>false</ParseFiles>
    </Filter>
    <Filter Include="Generated Files">
      <UniqueIdentifier>{71ED8ED8-ACB9-4CE9-BBE1-E00B30144E11}</UniqueIdentifier>
      <Extensions>cpp;c;cxx;moc;h;def;odl;idl;res;</Extensions>
    </Filter>
    <Filter Include="Generated Files">
      <UniqueIdentifier>{71ED8ED8-ACB9-4CE9-BBE1-E00B30144E11}</UniqueIdentifier>
      <Extensions>cpp;c;cxx;moc;h;def;odl;idl;res;</Extensions>
    </Filter>
    <Filter Include="Header Files">
      <UniqueIdentifier>{93995380-89BD-4b04-88EB-625FBE52EBFB}</UniqueIdentifier>
      <Extensions>h;hpp;hxx;hm;inl;inc;xsd</Extensions>
    </Filter>
    <Filter Include="Header Files">
      <UniqueIdentifier>{93995380-89BD-4b04-88EB-625FBE52EBFB}</UniqueIdentifier>
      <Extensions>h;hpp;hxx;hm;inl;inc;xsd</Extensions>
    </Filter>
    <Filter Include="Resource Files">
      <UniqueIdentifier>{D9D6E242-F8AF-46E4-B9FD-80ECBC20BA3E}</UniqueIdentifier>
      <Extensions>qrc;*</Extensions>
      <ParseFiles>false</ParseFiles>
    </Filter>
    <Filter Include="Resource Files">
      <UniqueIdentifier>{D9D6E242-F8AF-46E4-B9FD-80ECBC20BA3E}</UniqueIdentifier>
      <Extensions>qrc;*</Extensions>
      <ParseFiles>false</ParseFiles>
    </Filter>
    <Filter Include="Source Files">
      <UniqueIdentifier>{4FC737F1-C7A5-4376-A066-2A32D752A2FF}</UniqueIdentifier>
      <Extensions>cpp;c;cxx;def;odl;idl;hpj;bat;asm;asmx</Extensions>
    </Filter>
    <Filter Include="Source Files">
      <UniqueIdentifier>{4FC737F1-C7A5-4376-A066-2A32D752A2FF}</UniqueIdentifier>
      <Extensions>cpp;c;cxx;def;odl;idl;hpj;bat;asm;asmx</Extensions>
    </Filter>
  </ItemGroup>
  <ItemGroup>
    <ClCompile Include="Axe.cpp">
      <Filter>Source Files</Filter>
    </ClCompile>
    <ClCompile Include="Baker.cpp">
      <Filter>Source Files</Filter>
    </ClCompile>
    <ClCompile Include="Bow.cpp">
      <Filter>Source Files</Filter>
    </ClCompile>
    <ClCompile Include="Bread.cpp">
      <Filter>Source Files</Filter>
    </ClCompile>
    <ClCompile Include="Butcher.cpp">
      <Filter>Source Files</Filter>
    </ClCompile>
    <ClCompile Include="Coal.cpp">
      <Filter>Source Files</Filter>
    </ClCompile>
    <ClCompile Include="Farmer.cpp">
      <Filter>Source Files</Filter>
    </ClCompile>
    <ClCompile Include="GraphManager.cpp">
      <Filter>Source Files</Filter>
    </ClCompile>
    <ClCompile Include="Hoe.cpp">
      <Filter>Source Files</Filter>
    </ClCompile>
    <ClCompile Include="Hunter.cpp">
      <Filter>Source Files</Filter>
    </ClCompile>
    <ClCompile Include="Iron.cpp">
      <Filter>Source Files</Filter>
    </ClCompile>
    <ClCompile Include="Leather.cpp">
      <Filter>Source Files</Filter>
    </ClCompile>
    <ClCompile Include="Lumberjack.cpp">
      <Filter>Source Files</Filter>
    </ClCompile>
    <ClCompile Include="Meat.cpp">
      <Filter>Source Files</Filter>
    </ClCompile>
    <ClCompile Include="Miner.cpp">
      <Filter>Source Files</Filter>
    </ClCompile>
    <ClCompile Include="Pickaxe.cpp">
      <Filter>Source Files</Filter>
    </ClCompile>
    <ClCompile Include="Steak.cpp">
      <Filter>Source Files</Filter>
    </ClCompile>
    <ClCompile Include="Sword.cpp">
      <Filter>Source Files</Filter>
    </ClCompile>
    <ClCompile Include="ToolMaker.cpp">
      <Filter>Source Files</Filter>
    </ClCompile>
    <ClCompile Include="Wheat.cpp">
      <Filter>Source Files</Filter>
    </ClCompile>
    <ClCompile Include="Wood.cpp">
      <Filter>Source Files</Filter>
    </ClCompile>
    <ClCompile Include="WoodPickaxe.cpp">
      <Filter>Source Files</Filter>
    </ClCompile>
    <ClCompile Include="economicenginedebuggui.cpp">
      <Filter>Source Files</Filter>
    </ClCompile>
    <ClCompile Include="main.cpp">
      <Filter>Source Files</Filter>
    </ClCompile>
    <ClCompile Include="qcustomplot.cpp">
      <Filter>Source Files</Filter>
    </ClCompile>
    <ClCompile Include="DebugEconomicEngine.cpp">
      <Filter>Source Files</Filter>
    </ClCompile>
  </ItemGroup>
  <ItemGroup>
    <ClInclude Include="Axe.h">
      <Filter>Header Files</Filter>
    </ClInclude>
    <ClInclude Include="Baker.h">
      <Filter>Header Files</Filter>
    </ClInclude>
    <ClInclude Include="Bow.h">
      <Filter>Header Files</Filter>
    </ClInclude>
    <ClInclude Include="Bread.h">
      <Filter>Header Files</Filter>
    </ClInclude>
    <ClInclude Include="Butcher.h">
      <Filter>Header Files</Filter>
    </ClInclude>
    <ClInclude Include="Coal.h">
      <Filter>Header Files</Filter>
    </ClInclude>
    <QtMoc Include="EconomicEngineDebugGUI.h">
      <Filter>Header Files</Filter>
    </QtMoc>
    <ClInclude Include="Farmer.h">
      <Filter>Header Files</Filter>
    </ClInclude>
    <QtMoc Include="GraphManager.h">
      <Filter>Header Files</Filter>
    </QtMoc>
    <ClInclude Include="Hoe.h">
      <Filter>Header Files</Filter>
    </ClInclude>
    <ClInclude Include="Hunter.h">
      <Filter>Header Files</Filter>
    </ClInclude>
    <ClInclude Include="Iron.h">
      <Filter>Header Files</Filter>
    </ClInclude>
    <ClInclude Include="Leather.h">
      <Filter>Header Files</Filter>
    </ClInclude>
    <ClInclude Include="Lumberjack.h">
      <Filter>Header Files</Filter>
    </ClInclude>
    <ClInclude Include="Meat.h">
      <Filter>Header Files</Filter>
    </ClInclude>
    <ClInclude Include="Miner.h">
      <Filter>Header Files</Filter>
    </ClInclude>
    <ClInclude Include="Pickaxe.h">
      <Filter>Header Files</Filter>
    </ClInclude>
    <ClInclude Include="Steak.h">
      <Filter>Header Files</Filter>
    </ClInclude>
    <ClInclude Include="Sword.h">
      <Filter>Header Files</Filter>
    </ClInclude>
    <ClInclude Include="ToolMaker.h">
      <Filter>Header Files</Filter>
    </ClInclude>
    <ClInclude Include="Wheat.h">
      <Filter>Header Files</Filter>
    </ClInclude>
    <ClInclude Include="Wood.h">
      <Filter>Header Files</Filter>
    </ClInclude>
    <ClInclude Include="WoodPickaxe.h">
      <Filter>Header Files</Filter>
    </ClInclude>
    <QtMoc Include="qcustomplot.h">
      <Filter>Header Files</Filter>
    </QtMoc>
    <ClInclude Include="DebugEconomicEngine.h">
      <Filter>Header Files</Filter>
    </ClInclude>
  </ItemGroup>
  <ItemGroup>
    <CustomBuild Include="debug\moc_predefs.h.cbt">
      <Filter>Generated Files</Filter>
    </CustomBuild>
    <CustomBuild Include="release\moc_predefs.h.cbt">
      <Filter>Generated Files</Filter>
    </CustomBuild>
  </ItemGroup>
  <ItemGroup>
    <QtRcc Include="EconomicEngineDebugGUI.qrc">
      <Filter>Resource Files</Filter>
    </QtRcc>
  </ItemGroup>
  <ItemGroup>
    <QtUic Include="EconomicEngineDebugGUI.ui">
      <Filter>Form Files</Filter>
    </QtUic>
  </ItemGroup>
</Project>