<?xml version="1.0" encoding="utf-8"?>
<Project ToolsVersion="4.0" xmlns="http://schemas.microsoft.com/developer/msbuild/2003">
  <ItemGroup>
    <ClCompile Include="main.cpp">
      <Filter>Fichiers sources</Filter>
    </ClCompile>
    <ClCompile Include="qcustomplot.cpp">
      <Filter>Fichiers sources</Filter>
    </ClCompile>
    <ClCompile Include="Bread.cpp">
      <Filter>Fichiers sources\Countables</Filter>
    </ClCompile>
    <ClCompile Include="Coal.cpp">
      <Filter>Fichiers sources\Countables</Filter>
    </ClCompile>
    <ClCompile Include="Iron.cpp">
      <Filter>Fichiers sources\Countables</Filter>
    </ClCompile>
    <ClCompile Include="IronOre.cpp">
      <Filter>Fichiers sources\Countables</Filter>
    </ClCompile>
    <ClCompile Include="Leather.cpp">
      <Filter>Fichiers sources\Countables</Filter>
    </ClCompile>
    <ClCompile Include="Meat.cpp">
      <Filter>Fichiers sources\Countables</Filter>
    </ClCompile>
    <ClCompile Include="Steak.cpp">
      <Filter>Fichiers sources\Countables</Filter>
    </ClCompile>
    <ClCompile Include="Wheat.cpp">
      <Filter>Fichiers sources\Countables</Filter>
    </ClCompile>
    <ClCompile Include="Wood.cpp">
      <Filter>Fichiers sources\Countables</Filter>
    </ClCompile>
    <ClCompile Include="Baker.cpp">
      <Filter>Fichiers sources\Jobs</Filter>
    </ClCompile>
    <ClCompile Include="Butcher.cpp">
      <Filter>Fichiers sources\Jobs</Filter>
    </ClCompile>
    <ClCompile Include="Farmer.cpp">
      <Filter>Fichiers sources\Jobs</Filter>
    </ClCompile>
    <ClCompile Include="Hunter.cpp">
      <Filter>Fichiers sources\Jobs</Filter>
    </ClCompile>
    <ClCompile Include="Miner.cpp">
      <Filter>Fichiers sources\Jobs</Filter>
    </ClCompile>
    <ClCompile Include="economicenginedebuggui.cpp">
      <Filter>Fichiers sources\GUI</Filter>
    </ClCompile>
    <ClCompile Include="GraphManager.cpp">
      <Filter>Fichiers sources\GUI</Filter>
    </ClCompile>
  </ItemGroup>
  <ItemGroup>
    <ClInclude Include="Bread.h">
      <Filter>Fichiers d%27en-tête\Countables</Filter>
    </ClInclude>
    <ClInclude Include="Coal.h">
      <Filter>Fichiers d%27en-tête\Countables</Filter>
    </ClInclude>
    <ClInclude Include="Iron.h">
      <Filter>Fichiers d%27en-tête\Countables</Filter>
    </ClInclude>
    <ClInclude Include="IronOre.h">
      <Filter>Fichiers d%27en-tête\Countables</Filter>
    </ClInclude>
    <ClInclude Include="Leather.h">
      <Filter>Fichiers d%27en-tête\Countables</Filter>
    </ClInclude>
    <ClInclude Include="Meat.h">
      <Filter>Fichiers d%27en-tête\Countables</Filter>
    </ClInclude>
    <ClInclude Include="Steak.h">
      <Filter>Fichiers d%27en-tête\Countables</Filter>
    </ClInclude>
    <ClInclude Include="Wheat.h">
      <Filter>Fichiers d%27en-tête\Countables</Filter>
    </ClInclude>
    <ClInclude Include="Wood.h">
      <Filter>Fichiers d%27en-tête\Countables</Filter>
    </ClInclude>
    <ClInclude Include="Baker.h">
      <Filter>Fichiers d%27en-tête\Jobs</Filter>
    </ClInclude>
    <ClInclude Include="Butcher.h">
      <Filter>Fichiers d%27en-tête\Jobs</Filter>
    </ClInclude>
    <ClInclude Include="Farmer.h">
      <Filter>Fichiers d%27en-tête\Jobs</Filter>
    </ClInclude>
    <ClInclude Include="Hunter.h">
      <Filter>Fichiers d%27en-tête\Jobs</Filter>
    </ClInclude>
    <ClInclude Include="Miner.h">
      <Filter>Fichiers d%27en-tête\Jobs</Filter>
    </ClInclude>
  </ItemGroup>
  <ItemGroup>
    <CustomBuild Include="debug\moc_predefs.h.cbt" />
    <CustomBuild Include="release\moc_predefs.h.cbt" />
  </ItemGroup>
  <ItemGroup>
    <QtMoc Include="qcustomplot.h">
      <Filter>Fichiers d%27en-tête</Filter>
    </QtMoc>
    <QtMoc Include="GraphManager.h">
      <Filter>Fichiers d%27en-tête\GUI</Filter>
    </QtMoc>
    <QtMoc Include="EconomicEngineDebugGUI.h">
      <Filter>Fichiers d%27en-tête\GUI</Filter>
    </QtMoc>
  </ItemGroup>
  <ItemGroup>
    <QtRcc Include="EconomicEngineDebugGUI.qrc" />
  </ItemGroup>
  <ItemGroup>
    <Filter Include="Fichiers sources">
      <UniqueIdentifier>{bc953b9f-5ee0-49eb-b992-fd285d046abd}</UniqueIdentifier>
    </Filter>
    <Filter Include="Forms">
      <UniqueIdentifier>{fd2aabcb-4ff5-4513-ab81-7eb26370e78a}</UniqueIdentifier>
    </Filter>
    <Filter Include="Fichiers d%27en-tête">
      <UniqueIdentifier>{5d8195bb-4a36-4688-ae57-153638309317}</UniqueIdentifier>
    </Filter>
    <Filter Include="Fichiers d%27en-tête\Countables">
      <UniqueIdentifier>{c8501cf7-83d7-4133-a720-27a66bba8ec2}</UniqueIdentifier>
    </Filter>
    <Filter Include="Fichiers d%27en-tête\Jobs">
      <UniqueIdentifier>{8e34b864-f464-4c46-a5d5-dbf1b326aa93}</UniqueIdentifier>
    </Filter>
    <Filter Include="Fichiers sources\Countables">
      <UniqueIdentifier>{c8cc8819-9626-4128-978a-011fff16e870}</UniqueIdentifier>
    </Filter>
    <Filter Include="Fichiers sources\Jobs">
      <UniqueIdentifier>{8e9c98db-8ca0-4615-8186-83d2e056cd58}</UniqueIdentifier>
    </Filter>
    <Filter Include="Fichiers sources\GUI">
      <UniqueIdentifier>{47d9a2a2-60e5-40e4-92fc-a338a6fd358a}</UniqueIdentifier>
    </Filter>
    <Filter Include="Fichiers d%27en-tête\GUI">
      <UniqueIdentifier>{f9ba7cf6-5e37-4f75-9bb9-aaaee5ba7927}</UniqueIdentifier>
    </Filter>
  </ItemGroup>
  <ItemGroup>
    <QtUic Include="EconomicEngineDebugGUI.ui">
      <Filter>Forms</Filter>
    </QtUic>
  </ItemGroup>
</Project>
